{
  "name": "babisida",
  "version": "1.1.3",
  "lockfileVersion": 2,
  "requires": true,
  "packages": {
    "": {
      "name": "babisida",
      "version": "1.1.3",
      "license": "ISC",
      "dependencies": {
        "app_nodejs": "^1.1.4",
        "diagnose-healthy": "^1.1.3",
        "hilih-kintil": "^1.1.2",
        "only-learning": "^1.0.9"
      },
      "devDependencies": {
        "chai": "^5.1.0"
      }
    },
    "node_modules/app_nodejs": {
      "version": "1.1.4",
      "resolved": "https://registry.npmjs.org/app_nodejs/-/app_nodejs-1.1.4.tgz",
      "integrity": "sha512-fGYtxMljb5OcwjNBWOzEXYuCVuwt38QNDqceoO0RkrAsHT7thSmpYZZ5dI88ldUVmeApeYpmzt6/aG/ktaEcGg==",
      "dependencies": {
        "diagnose-healthy": "^1.1.2",
        "lodash": "^4.17.21",
        "only-learning": "^1.0.8"
      }
    },
    "node_modules/assertion-error": {
      "version": "2.0.1",
      "resolved": "https://registry.npmjs.org/assertion-error/-/assertion-error-2.0.1.tgz",
      "integrity": "sha512-Izi8RQcffqCeNVgFigKli1ssklIbpHnCYc6AknXGYoB6grJqyeby7jv12JUQgmTAnIDnbck1uxksT4dzN3PWBA==",
      "dev": true,
      "engines": {
        "node": ">=12"
      }
    },
    "node_modules/chai": {
      "version": "5.1.0",
      "resolved": "https://registry.npmjs.org/chai/-/chai-5.1.0.tgz",
      "integrity": "sha512-kDZ7MZyM6Q1DhR9jy7dalKohXQ2yrlXkk59CR52aRKxJrobmlBNqnFQxX9xOX8w+4mz8SYlKJa/7D7ddltFXCw==",
      "dev": true,
      "dependencies": {
        "assertion-error": "^2.0.1",
        "check-error": "^2.0.0",
        "deep-eql": "^5.0.1",
        "loupe": "^3.1.0",
        "pathval": "^2.0.0"
      },
      "engines": {
        "node": ">=12"
      }
    },
    "node_modules/chalk": {
      "version": "5.3.0",
      "resolved": "https://registry.npmjs.org/chalk/-/chalk-5.3.0.tgz",
      "integrity": "sha512-dLitG79d+GV1Nb/VYcCDFivJeK1hiukt9QjRNVOsUtTy1rR1YJsmpGGTZ3qJos+uw7WmWF4wUwBd9jxjocFC2w==",
      "engines": {
        "node": "^12.17.0 || ^14.13 || >=16.0.0"
      },
      "funding": {
        "url": "https://github.com/chalk/chalk?sponsor=1"
      }
    },
    "node_modules/check-error": {
      "version": "2.0.0",
      "resolved": "https://registry.npmjs.org/check-error/-/check-error-2.0.0.tgz",
      "integrity": "sha512-tjLAOBHKVxtPoHe/SA7kNOMvhCRdCJ3vETdeY0RuAc9popf+hyaSV6ZEg9hr4cpWF7jmo/JSWEnLDrnijS9Tog==",
      "dev": true,
      "engines": {
        "node": ">= 16"
      }
    },
    "node_modules/deep-eql": {
      "version": "5.0.1",
      "resolved": "https://registry.npmjs.org/deep-eql/-/deep-eql-5.0.1.tgz",
      "integrity": "sha512-nwQCf6ne2gez3o1MxWifqkciwt0zhl0LO1/UwVu4uMBuPmflWM4oQ70XMqHqnBJA+nhzncaqL9HVL6KkHJ28lw==",
      "dev": true,
      "engines": {
        "node": ">=6"
      }
    },
    "node_modules/diagnose-healthy": {
      "version": "1.1.3",
      "resolved": "https://registry.npmjs.org/diagnose-healthy/-/diagnose-healthy-1.1.3.tgz",
      "integrity": "sha512-DaQHhTWCWGbIQP3mjdb9VGlU+iaVrrPwxuv2heSgFRsruOJWgS2fUDYTrdBAlsRCLJJ8VZxJ3S5tFEGhYuGOHg==",
      "dependencies": {
        "app_nodejs": "^1.1.4",
        "only-learning": "^1.0.9",
        "readline-sync": "^1.4.10"
      }
    },
    "node_modules/get-func-name": {
      "version": "2.0.2",
      "resolved": "https://registry.npmjs.org/get-func-name/-/get-func-name-2.0.2.tgz",
      "integrity": "sha512-8vXOvuE167CtIc3OyItco7N/dpRtBbYOsPsXCz7X/PMnlGjYjSGuZJgM1Y7mmew7BKf9BqvLX2tnOVy1BBUsxQ==",
      "dev": true,
      "engines": {
        "node": "*"
      }
    },
    "node_modules/hilih-kintil": {
      "version": "1.1.2",
      "resolved": "https://registry.npmjs.org/hilih-kintil/-/hilih-kintil-1.1.2.tgz",
      "integrity": "sha512-7G9tcLEor1KI3lEsB15FGIXAuBu+MB6CaRiuuj1Z/y5CARmMorcI7oc/CPrDufX9WW43TVV/1RYXuZWjsMgYmQ==",
      "dependencies": {
        "only-learning": "^1.0.2"
      }
    },
    "node_modules/lodash": {
      "version": "4.17.21",
      "resolved": "https://registry.npmjs.org/lodash/-/lodash-4.17.21.tgz",
      "integrity": "sha512-v2kDEe57lecTulaDIuNTPy3Ry4gLGJ6Z1O3vE1krgXZNrsQ+LFTGHVxVjcXPs17LhbZVGedAJv8XZ1tvj5FvSg=="
    },
    "node_modules/loupe": {
      "version": "3.1.0",
      "resolved": "https://registry.npmjs.org/loupe/-/loupe-3.1.0.tgz",
      "integrity": "sha512-qKl+FrLXUhFuHUoDJG7f8P8gEMHq9NFS0c6ghXG1J0rldmZFQZoNVv/vyirE9qwCIhWZDsvEFd1sbFu3GvRQFg==",
      "dev": true,
      "dependencies": {
        "get-func-name": "^2.0.1"
      }
    },
    "node_modules/only-learning": {
      "version": "1.0.9",
      "resolved": "https://registry.npmjs.org/only-learning/-/only-learning-1.0.9.tgz",
      "integrity": "sha512-CvG423XAGI67UV7GYSnRmt91HrdKJ0DxQ11+U/8wlwnqBf85q0PC+19w0qHNI0SYtcPXY4/J8In1Ytnysc9fzw==",
      "dependencies": {
        "app_nodejs": "^1.1.4",
        "chalk": "^5.3.0",
        "diagnose-healthy": "^1.1.2",
        "readline-sync": "^1.4.10",
        "validator": "^13.11.0"
      }
    },
    "node_modules/pathval": {
      "version": "2.0.0",
      "resolved": "https://registry.npmjs.org/pathval/-/pathval-2.0.0.tgz",
      "integrity": "sha512-vE7JKRyES09KiunauX7nd2Q9/L7lhok4smP9RZTDeD4MVs72Dp2qNFVz39Nz5a0FVEW0BJR6C0DYrq6unoziZA==",
      "dev": true,
      "engines": {
        "node": ">= 14.16"
      }
    },
    "node_modules/readline-sync": {
      "version": "1.4.10",
      "resolved": "https://registry.npmjs.org/readline-sync/-/readline-sync-1.4.10.tgz",
      "integrity": "sha512-gNva8/6UAe8QYepIQH/jQ2qn91Qj0B9sYjMBBs3QOB8F2CXcKgLxQaJRP76sWVRQt+QU+8fAkCbCvjjMFu7Ycw==",
      "engines": {
        "node": ">= 0.8.0"
      }
    },
    "node_modules/validator": {
      "version": "13.11.0",
      "resolved": "https://registry.npmjs.org/validator/-/validator-13.11.0.tgz",
      "integrity": "sha512-Ii+sehpSfZy+At5nPdnyMhx78fEoPDkR2XW/zimHEL3MyGJQOCQ7WeP20jPYRz7ZCpcKLB21NxuXHF3bxjStBQ==",
      "engines": {
        "node": ">= 0.10"
      }
    }
  },
  "dependencies": {
    "app_nodejs": {
      "version": "1.1.4",
      "resolved": "https://registry.npmjs.org/app_nodejs/-/app_nodejs-1.1.4.tgz",
      "integrity": "sha512-fGYtxMljb5OcwjNBWOzEXYuCVuwt38QNDqceoO0RkrAsHT7thSmpYZZ5dI88ldUVmeApeYpmzt6/aG/ktaEcGg==",
      "requires": {
        "diagnose-healthy": "^1.1.2",
        "lodash": "^4.17.21",
        "only-learning": "^1.0.8"
      }
    },
    "assertion-error": {
      "version": "2.0.1",
      "resolved": "https://registry.npmjs.org/assertion-error/-/assertion-error-2.0.1.tgz",
      "integrity": "sha512-Izi8RQcffqCeNVgFigKli1ssklIbpHnCYc6AknXGYoB6grJqyeby7jv12JUQgmTAnIDnbck1uxksT4dzN3PWBA==",
      "dev": true
    },
    "chai": {
      "version": "5.1.0",
      "resolved": "https://registry.npmjs.org/chai/-/chai-5.1.0.tgz",
      "integrity": "sha512-kDZ7MZyM6Q1DhR9jy7dalKohXQ2yrlXkk59CR52aRKxJrobmlBNqnFQxX9xOX8w+4mz8SYlKJa/7D7ddltFXCw==",
      "dev": true,
      "requires": {
        "assertion-error": "^2.0.1",
        "check-error": "^2.0.0",
        "deep-eql": "^5.0.1",
        "loupe": "^3.1.0",
        "pathval": "^2.0.0"
      }
    },
    "chalk": {
      "version": "5.3.0",
      "resolved": "https://registry.npmjs.org/chalk/-/chalk-5.3.0.tgz",
      "integrity": "sha512-dLitG79d+GV1Nb/VYcCDFivJeK1hiukt9QjRNVOsUtTy1rR1YJsmpGGTZ3qJos+uw7WmWF4wUwBd9jxjocFC2w=="
    },
    "check-error": {
      "version": "2.0.0",
      "resolved": "https://registry.npmjs.org/check-error/-/check-error-2.0.0.tgz",
      "integrity": "sha512-tjLAOBHKVxtPoHe/SA7kNOMvhCRdCJ3vETdeY0RuAc9popf+hyaSV6ZEg9hr4cpWF7jmo/JSWEnLDrnijS9Tog==",
      "dev": true
    },
    "deep-eql": {
      "version": "5.0.1",
      "resolved": "https://registry.npmjs.org/deep-eql/-/deep-eql-5.0.1.tgz",
      "integrity": "sha512-nwQCf6ne2gez3o1MxWifqkciwt0zhl0LO1/UwVu4uMBuPmflWM4oQ70XMqHqnBJA+nhzncaqL9HVL6KkHJ28lw==",
      "dev": true
    },
    "diagnose-healthy": {
      "version": "1.1.3",
      "resolved": "https://registry.npmjs.org/diagnose-healthy/-/diagnose-healthy-1.1.3.tgz",
      "integrity": "sha512-DaQHhTWCWGbIQP3mjdb9VGlU+iaVrrPwxuv2heSgFRsruOJWgS2fUDYTrdBAlsRCLJJ8VZxJ3S5tFEGhYuGOHg==",
      "requires": {
        "app_nodejs": "^1.1.4",
        "only-learning": "^1.0.9",
        "readline-sync": "^1.4.10"
      }
    },
    "get-func-name": {
      "version": "2.0.2",
      "resolved": "https://registry.npmjs.org/get-func-name/-/get-func-name-2.0.2.tgz",
      "integrity": "sha512-8vXOvuE167CtIc3OyItco7N/dpRtBbYOsPsXCz7X/PMnlGjYjSGuZJgM1Y7mmew7BKf9BqvLX2tnOVy1BBUsxQ==",
      "dev": true
    },
    "hilih-kintil": {
      "version": "1.1.2",
      "resolved": "https://registry.npmjs.org/hilih-kintil/-/hilih-kintil-1.1.2.tgz",
      "integrity": "sha512-7G9tcLEor1KI3lEsB15FGIXAuBu+MB6CaRiuuj1Z/y5CARmMorcI7oc/CPrDufX9WW43TVV/1RYXuZWjsMgYmQ==",
      "requires": {
        "only-learning": "^1.0.2"
      }
    },
    "lodash": {
      "version": "4.17.21",
      "resolved": "https://registry.npmjs.org/lodash/-/lodash-4.17.21.tgz",
      "integrity": "sha512-v2kDEe57lecTulaDIuNTPy3Ry4gLGJ6Z1O3vE1krgXZNrsQ+LFTGHVxVjcXPs17LhbZVGedAJv8XZ1tvj5FvSg=="
    },
    "loupe": {
      "version": "3.1.0",
      "resolved": "https://registry.npmjs.org/loupe/-/loupe-3.1.0.tgz",
      "integrity": "sha512-qKl+FrLXUhFuHUoDJG7f8P8gEMHq9NFS0c6ghXG1J0rldmZFQZoNVv/vyirE9qwCIhWZDsvEFd1sbFu3GvRQFg==",
      "dev": true,
      "requires": {
        "get-func-name": "^2.0.1"
      }
    },
    "only-learning": {
      "version": "1.0.9",
      "resolved": "https://registry.npmjs.org/only-learning/-/only-learning-1.0.9.tgz",
      "integrity": "sha512-CvG423XAGI67UV7GYSnRmt91HrdKJ0DxQ11+U/8wlwnqBf85q0PC+19w0qHNI0SYtcPXY4/J8In1Ytnysc9fzw==",
      "requires": {
        "app_nodejs": "^1.1.4",
        "chalk": "^5.3.0",
        "diagnose-healthy": "^1.1.2",
        "readline-sync": "^1.4.10",
        "validator": "^13.11.0"
      }
    },
    "pathval": {
      "version": "2.0.0",
      "resolved": "https://registry.npmjs.org/pathval/-/pathval-2.0.0.tgz",
      "integrity": "sha512-vE7JKRyES09KiunauX7nd2Q9/L7lhok4smP9RZTDeD4MVs72Dp2qNFVz39Nz5a0FVEW0BJR6C0DYrq6unoziZA==",
      "dev": true
    },
    "readline-sync": {
      "version": "1.4.10",
      "resolved": "https://registry.npmjs.org/readline-sync/-/readline-sync-1.4.10.tgz",
      "integrity": "sha512-gNva8/6UAe8QYepIQH/jQ2qn91Qj0B9sYjMBBs3QOB8F2CXcKgLxQaJRP76sWVRQt+QU+8fAkCbCvjjMFu7Ycw=="
    },
    "validator": {
      "version": "13.11.0",
      "resolved": "https://registry.npmjs.org/validator/-/validator-13.11.0.tgz",
      "integrity": "sha512-Ii+sehpSfZy+At5nPdnyMhx78fEoPDkR2XW/zimHEL3MyGJQOCQ7WeP20jPYRz7ZCpcKLB21NxuXHF3bxjStBQ=="
    }
  }
}
